
Microsoft Visual Studio Solution File, Format Version 12.00
# Visual Studio 15
VisualStudioVersion = 15.0.26730.3
MinimumVisualStudioVersion = 10.0.40219.1
Project("{FAE04EC0-301F-11D3-BF4B-00C04F79EFBC}") = "StockExchange", "StockExchange\StockExchange.csproj", "{F4651F6F-AEC1-440C-BAFF-649F8F67C943}"
EndProject
Global
	GlobalSection(SolutionConfigurationPlatforms) = preSolution
		Debug|Any CPU = Debug|Any CPU
		Release|Any CPU = Release|Any CPU
	EndGlobalSection
	GlobalSection(ProjectConfigurationPlatforms) = postSolution
		{F4651F6F-AEC1-440C-BAFF-649F8F67C943}.Debug|Any CPU.ActiveCfg = Debug|Any CPU
		{F4651F6F-AEC1-440C-BAFF-649F8F67C943}.Debug|Any CPU.Build.0 = Debug|Any CPU
		{F4651F6F-AEC1-440C-BAFF-649F8F67C943}.Release|Any CPU.ActiveCfg = Release|Any CPU
		{F4651F6F-AEC1-440C-BAFF-649F8F67C943}.Release|Any CPU.Build.0 = Release|Any CPU
	EndGlobalSection
	GlobalSection(SolutionProperties) = preSolution
		HideSolutionNode = FALSE
	EndGlobalSection
	GlobalSection(ExtensibilityGlobals) = postSolution
		SolutionGuid = {E444ADAD-A0A5-4AC1-B4C8-361C4EC76A58}
	EndGlobalSection
EndGlobal
